// !$*UTF8*$!
{
	archiveVersion = 1;
	classes = {
	};
	objectVersion = 46;
	objects = {

/* Begin PBXBuildFile section */
		4901F48E1E8F1760005752D7 /* main.m in Sources */ = {isa = PBXBuildFile; fileRef = 4901F48D1E8F1760005752D7 /* main.m */; };
		4901F4911E8F1760005752D7 /* AppDelegate.m in Sources */ = {isa = PBXBuildFile; fileRef = 4901F4901E8F1760005752D7 /* AppDelegate.m */; };
		4901F4971E8F1760005752D7 /* Main.storyboard in Resources */ = {isa = PBXBuildFile; fileRef = 4901F4951E8F1760005752D7 /* Main.storyboard */; };
		4901F4991E8F1760005752D7 /* Assets.xcassets in Resources */ = {isa = PBXBuildFile; fileRef = 4901F4981E8F1760005752D7 /* Assets.xcassets */; };
		4901F49C1E8F1760005752D7 /* LaunchScreen.storyboard in Resources */ = {isa = PBXBuildFile; fileRef = 4901F49A1E8F1760005752D7 /* LaunchScreen.storyboard */; };
		4901F4A51E8F17BA005752D7 /* ALCameraViewController.m in Sources */ = {isa = PBXBuildFile; fileRef = 4901F4A41E8F17BA005752D7 /* ALCameraViewController.m */; };
/* End PBXBuildFile section */

/* Begin PBXFileReference section */
		4901F4891E8F1760005752D7 /* ALCamera.app */ = {isa = PBXFileReference; explicitFileType = wrapper.application; includeInIndex = 0; path = ALCamera.app; sourceTree = BUILT_PRODUCTS_DIR; };
		4901F48D1E8F1760005752D7 /* main.m */ = {isa = PBXFileReference; lastKnownFileType = sourcecode.c.objc; path = main.m; sourceTree = "<group>"; };
		4901F48F1E8F1760005752D7 /* AppDelegate.h */ = {isa = PBXFileReference; lastKnownFileType = sourcecode.c.h; path = AppDelegate.h; sourceTree = "<group>"; };
		4901F4901E8F1760005752D7 /* AppDelegate.m */ = {isa = PBXFileReference; lastKnownFileType = sourcecode.c.objc; path = AppDelegate.m; sourceTree = "<group>"; };
		4901F4961E8F1760005752D7 /* Base */ = {isa = PBXFileReference; lastKnownFileType = file.storyboard; name = Base; path = Base.lproj/Main.storyboard; sourceTree = "<group>"; };
		4901F4981E8F1760005752D7 /* Assets.xcassets */ = {isa = PBXFileReference; lastKnownFileType = folder.assetcatalog; path = Assets.xcassets; sourceTree = "<group>"; };
		4901F49B1E8F1760005752D7 /* Base */ = {isa = PBXFileReference; lastKnownFileType = file.storyboard; name = Base; path = Base.lproj/LaunchScreen.storyboard; sourceTree = "<group>"; };
		4901F49D1E8F1760005752D7 /* Info.plist */ = {isa = PBXFileReference; lastKnownFileType = text.plist.xml; path = Info.plist; sourceTree = "<group>"; };
		4901F4A31E8F17BA005752D7 /* ALCameraViewController.h */ = {isa = PBXFileReference; fileEncoding = 4; lastKnownFileType = sourcecode.c.h; path = ALCameraViewController.h; sourceTree = "<group>"; };
		4901F4A41E8F17BA005752D7 /* ALCameraViewController.m */ = {isa = PBXFileReference; fileEncoding = 4; lastKnownFileType = sourcecode.c.objc; path = ALCameraViewController.m; sourceTree = "<group>"; };
/* End PBXFileReference section */

/* Begin PBXFrameworksBuildPhase section */
		4901F4861E8F1760005752D7 /* Frameworks */ = {
			isa = PBXFrameworksBuildPhase;
			buildActionMask = 2147483647;
			files = (
			);
			runOnlyForDeploymentPostprocessing = 0;
		};
/* End PBXFrameworksBuildPhase section */

/* Begin PBXGroup section */
		4901F4801E8F1760005752D7 = {
			isa = PBXGroup;
			children = (
				4901F48B1E8F1760005752D7 /* ALCamera */,
				4901F48A1E8F1760005752D7 /* Products */,
			);
			sourceTree = "<group>";
		};
		4901F48A1E8F1760005752D7 /* Products */ = {
			isa = PBXGroup;
			children = (
				4901F4891E8F1760005752D7 /* ALCamera.app */,
			);
			name = Products;
			sourceTree = "<group>";
		};
		4901F48B1E8F1760005752D7 /* ALCamera */ = {
			isa = PBXGroup;
			children = (
				4901F48F1E8F1760005752D7 /* AppDelegate.h */,
				4901F4901E8F1760005752D7 /* AppDelegate.m */,
				4901F4A31E8F17BA005752D7 /* ALCameraViewController.h */,
				4901F4A41E8F17BA005752D7 /* ALCameraViewController.m */,
				4901F4951E8F1760005752D7 /* Main.storyboard */,
				4901F4981E8F1760005752D7 /* Assets.xcassets */,
				4901F49A1E8F1760005752D7 /* LaunchScreen.storyboard */,
				4901F49D1E8F1760005752D7 /* Info.plist */,
				4901F48C1E8F1760005752D7 /* Supporting Files */,
			);
			path = ALCamera;
			sourceTree = "<group>";
		};
		4901F48C1E8F1760005752D7 /* Supporting Files */ = {
			isa = PBXGroup;
			children = (
				4901F48D1E8F1760005752D7 /* main.m */,
			);
			name = "Supporting Files";
			sourceTree = "<group>";
		};
/* End PBXGroup section */

/* Begin PBXNativeTarget section */
		4901F4881E8F1760005752D7 /* ALCamera */ = {
			isa = PBXNativeTarget;
			buildConfigurationList = 4901F4A01E8F1760005752D7 /* Build configuration list for PBXNativeTarget "ALCamera" */;
			buildPhases = (
				4901F4851E8F1760005752D7 /* Sources */,
				4901F4861E8F1760005752D7 /* Frameworks */,
				4901F4871E8F1760005752D7 /* Resources */,
			);
			buildRules = (
			);
			dependencies = (
			);
			name = ALCamera;
			productName = ALCamera;
			productReference = 4901F4891E8F1760005752D7 /* ALCamera.app */;
			productType = "com.apple.product-type.application";
		};
/* End PBXNativeTarget section */

/* Begin PBXProject section */
		4901F4811E8F1760005752D7 /* Project object */ = {
			isa = PBXProject;
			attributes = {
				LastUpgradeCheck = 0830;
				ORGANIZATIONNAME = AndrewLiu;
				TargetAttributes = {
					4901F4881E8F1760005752D7 = {
						CreatedOnToolsVersion = 8.3;
						DevelopmentTeam = 4W7Y6S5CA2;
						ProvisioningStyle = Automatic;
					};
				};
			};
			buildConfigurationList = 4901F4841E8F1760005752D7 /* Build configuration list for PBXProject "ALCamera" */;
			compatibilityVersion = "Xcode 3.2";
			developmentRegion = English;
			hasScannedForEncodings = 0;
			knownRegions = (
				en,
				Base,
			);
			mainGroup = 4901F4801E8F1760005752D7;
			productRefGroup = 4901F48A1E8F1760005752D7 /* Products */;
			projectDirPath = "";
			projectRoot = "";
			targets = (
				4901F4881E8F1760005752D7 /* ALCamera */,
			);
		};
/* End PBXProject section */

/* Begin PBXResourcesBuildPhase section */
		4901F4871E8F1760005752D7 /* Resources */ = {
			isa = PBXResourcesBuildPhase;
			buildActionMask = 2147483647;
			files = (
				4901F49C1E8F1760005752D7 /* LaunchScreen.storyboard in Resources */,
				4901F4991E8F1760005752D7 /* Assets.xcassets in Resources */,
				4901F4971E8F1760005752D7 /* Main.storyboard in Resources */,
			);
			runOnlyForDeploymentPostprocessing = 0;
		};
/* End PBXResourcesBuildPhase section */

/* Begin PBXSourcesBuildPhase section */
		4901F4851E8F1760005752D7 /* Sources */ = {
			isa = PBXSourcesBuildPhase;
			buildActionMask = 2147483647;
			files = (
				4901F4A51E8F17BA005752D7 /* ALCameraViewController.m in Sources */,
				4901F4911E8F1760005752D7 /* AppDelegate.m in Sources */,
				4901F48E1E8F1760005752D7 /* main.m in Sources */,
			);
			runOnlyForDeploymentPostprocessing = 0;
		};
/* End PBXSourcesBuildPhase section */

/* Begin PBXVariantGroup section */
		4901F4951E8F1760005752D7 /* Main.storyboard */ = {
			isa = PBXVariantGroup;
			children = (
				4901F4961E8F1760005752D7 /* Base */,
			);
			name = Main.storyboard;
			sourceTree = "<group>";
		};
		4901F49A1E8F1760005752D7 /* LaunchScreen.storyboard */ = {
			isa = PBXVariantGroup;
			children = (
				4901F49B1E8F1760005752D7 /* Base */,
			);
			name = LaunchScreen.storyboard;
			sourceTree = "<group>";
		};
/* End PBXVariantGroup section */

/* Begin XCBuildConfiguration section */
		4901F49E1E8F1760005752D7 /* Debug */ = {
			isa = XCBuildConfiguration;
			buildSettings = {
				ALWAYS_SEARCH_USER_PATHS = NO;
				CLANG_ANALYZER_NONNULL = YES;
				CLANG_ANALYZER_NUMBER_OBJECT_CONVERSION = YES_AGGRESSIVE;
				CLANG_CXX_LANGUAGE_STANDARD = "gnu++0x";
				CLANG_CXX_LIBRARY = "libc++";
				CLANG_ENABLE_MODULES = YES;
				CLANG_ENABLE_OBJC_ARC = YES;
				CLANG_WARN_BOOL_CONVERSION = YES;
				CLANG_WARN_CONSTANT_CONVERSION = YES;
				CLANG_WARN_DIRECT_OBJC_ISA_USAGE = YES_ERROR;
				CLANG_WARN_DOCUMENTATION_COMMENTS = YES;
				CLANG_WARN_EMPTY_BODY = YES;
				CLANG_WARN_ENUM_CONVERSION = YES;
				CLANG_WARN_INFINITE_RECURSION = YES;
				CLANG_WARN_INT_CONVERSION = YES;
				CLANG_WARN_OBJC_ROOT_CLASS = YES_ERROR;
				CLANG_WARN_SUSPICIOUS_MOVE = YES;
				CLANG_WARN_UNREACHABLE_CODE = YES;
				CLANG_WARN__DUPLICATE_METHOD_MATCH = YES;
				"CODE_SIGN_IDENTITY[sdk=iphoneos*]" = "iPhone Developer";
				COPY_PHASE_STRIP = NO;
				DEBUG_INFORMATION_FORMAT = dwarf;
				ENABLE_STRICT_OBJC_MSGSEND = YES;
				ENABLE_TESTABILITY = YES;
				GCC_C_LANGUAGE_STANDARD = gnu99;
				GCC_DYNAMIC_NO_PIC = NO;
				GCC_NO_COMMON_BLOCKS = YES;
				GCC_OPTIMIZATION_LEVEL = 0;
				GCC_PREPROCESSOR_DEFINITIONS = (
					"DEBUG=1",
					"$(inherited)",
				);
				GCC_WARN_64_TO_32_BIT_CONVERSION = YES;
				GCC_WARN_ABOUT_RETURN_TYPE = YES_ERROR;
				GCC_WARN_UNDECLARED_SELECTOR = YES;
				GCC_WARN_UNINITIALIZED_AUTOS = YES_AGGRESSIVE;
				GCC_WARN_UNUSED_FUNCTION = YES;
				GCC_WARN_UNUSED_VARIABLE = YES;
				IPHONEOS_DEPLOYMENT_TARGET = 10.3;
				MTL_ENABLE_DEBUG_INFO = YES;
				ONLY_ACTIVE_ARCH = YES;
				SDKROOT = iphoneos;
				TARGETED_DEVICE_FAMILY = "1,2";
			};
			name = Debug;
		};
		4901F49F1E8F1760005752D7 /* Release */ = {
			isa = XCBuildConfiguration;
			buildSettings = {
				ALWAYS_SEARCH_USER_PATHS = NO;
				CLANG_ANALYZER_NONNULL = YES;
				CLANG_ANALYZER_NUMBER_OBJECT_CONVERSION = YES_AGGRESSIVE;
				CLANG_CXX_LANGUAGE_STANDARD = "gnu++0x";
				CLANG_CXX_LIBRARY = "libc++";
				CLANG_ENABLE_MODULES = YES;
				CLANG_ENABLE_OBJC_ARC = YES;
				CLANG_WARN_BOOL_CONVERSION = YES;
				CLANG_WARN_CONSTANT_CONVERSION = YES;
				CLANG_WARN_DIRECT_OBJC_ISA_USAGE = YES_ERROR;
				CLANG_WARN_DOCUMENTATION_COMMENTS = YES;
				CLANG_WARN_EMPTY_BODY = YES;
				CLANG_WARN_ENUM_CONVERSION = YES;
				CLANG_WARN_INFINITE_RECURSION = YES;
				CLANG_WARN_INT_CONVERSION = YES;
				CLANG_WARN_OBJC_ROOT_CLASS = YES_ERROR;
				CLANG_WARN_SUSPICIOUS_MOVE = YES;
				CLANG_WARN_UNREACHABLE_CODE = YES;
				CLANG_WARN__DUPLICATE_METHOD_MATCH = YES;
				"CODE_SIGN_IDENTITY[sdk=iphoneos*]" = "iPhone Developer";
				COPY_PHASE_STRIP = NO;
				DEBUG_INFORMATION_FORMAT = "dwarf-with-dsym";
				ENABLE_NS_ASSERTIONS = NO;
				ENABLE_STRICT_OBJC_MSGSEND = YES;
				GCC_C_LANGUAGE_STANDARD = gnu99;
				GCC_NO_COMMON_BLOCKS = YES;
				GCC_WARN_64_TO_32_BIT_CONVERSION = YES;
				GCC_WARN_ABOUT_RETURN_TYPE = YES_ERROR;
				GCC_WARN_UNDECLARED_SELECTOR = YES;
				GCC_WARN_UNINITIALIZED_AUTOS = YES_AGGRESSIVE;
				GCC_WARN_UNUSED_FUNCTION = YES;
				GCC_WARN_UNUSED_VARIABLE = YES;
				IPHONEOS_DEPLOYMENT_TARGET = 10.3;
				MTL_ENABLE_DEBUG_INFO = NO;
				SDKROOT = iphoneos;
				TARGETED_DEVICE_FAMILY = "1,2";
				VALIDATE_PRODUCT = YES;
			};
			name = Release;
		};
		4901F4A11E8F1760005752D7 /* Debug */ = {
			isa = XCBuildConfiguration;
			buildSettings = {
				ASSETCATALOG_COMPILER_APPICON_NAME = AppIcon;
				"CODE_SIGN_IDENTITY[sdk=iphoneos*]" = "iPhone Developer";
				DEVELOPMENT_TEAM = 4W7Y6S5CA2;
				INFOPLIST_FILE = ALCamera/Info.plist;
				IPHONEOS_DEPLOYMENT_TARGET = 10.0;
				LD_RUNPATH_SEARCH_PATHS = "$(inherited) @executable_path/Frameworks";
				PRODUCT_BUNDLE_IDENTIFIER = com.andrewliu.ALCamera;
				PRODUCT_NAME = "$(TARGET_NAME)";
				PROVISIONING_PROFILE_SPECIFIER = "";
			};
			name = Debug;
		};
		4901F4A21E8F1760005752D7 /* Release */ = {
			isa = XCBuildConfiguration;
			buildSettings = {
				ASSETCATALOG_COMPILER_APPICON_NAME = AppIcon;
				"CODE_SIGN_IDENTITY[sdk=iphoneos*]" = "iPhone Developer";
				DEVELOPMENT_TEAM = 4W7Y6S5CA2;
				INFOPLIST_FILE = ALCamera/Info.plist;
				IPHONEOS_DEPLOYMENT_TARGET = 10.0;
				LD_RUNPATH_SEARCH_PATHS = "$(inherited) @executable_path/Frameworks";
				PRODUCT_BUNDLE_IDENTIFIER = com.andrewliu.ALCamera;
				PRODUCT_NAME = "$(TARGET_NAME)";
				PROVISIONING_PROFILE = "";
				PROVISIONING_PROFILE_SPECIFIER = "";
			};
			name = Release;
		};
/* End XCBuildConfiguration section */

/* Begin XCConfigurationList section */
		4901F4841E8F1760005752D7 /* Build configuration list for PBXProject "ALCamera" */ = {
			isa = XCConfigurationList;
			buildConfigurations = (
				4901F49E1E8F1760005752D7 /* Debug */,
				4901F49F1E8F1760005752D7 /* Release */,
			);
			defaultConfigurationIsVisible = 0;
			defaultConfigurationName = Release;
		};
		4901F4A01E8F1760005752D7 /* Build configuration list for PBXNativeTarget "ALCamera" */ = {
			isa = XCConfigurationList;
			buildConfigurations = (
				4901F4A11E8F1760005752D7 /* Debug */,
				4901F4A21E8F1760005752D7 /* Release */,
			);
			defaultConfigurationIsVisible = 0;
		};
/* End XCConfigurationList section */
	};
	rootObject = 4901F4811E8F1760005752D7 /* Project object */;
}
